// !$*UTF8*$!
{
	archiveVersion = 1;
	classes = {
	};
	objectVersion = 46;
	objects = {

/* Begin PBXBuildFile section */
		2659416A1E55498100A2ED47 /* main.m in Sources */ = {isa = PBXBuildFile; fileRef = 265941691E55498100A2ED47 /* main.m */; };
		2659416D1E55498100A2ED47 /* AppDelegate.m in Sources */ = {isa = PBXBuildFile; fileRef = 2659416C1E55498100A2ED47 /* AppDelegate.m */; };
		265941701E55498100A2ED47 /* ViewController.m in Sources */ = {isa = PBXBuildFile; fileRef = 2659416F1E55498100A2ED47 /* ViewController.m */; };
		265941731E55498100A2ED47 /* Main.storyboard in Resources */ = {isa = PBXBuildFile; fileRef = 265941711E55498100A2ED47 /* Main.storyboard */; };
		265941751E55498100A2ED47 /* Assets.xcassets in Resources */ = {isa = PBXBuildFile; fileRef = 265941741E55498100A2ED47 /* Assets.xcassets */; };
		265941781E55498100A2ED47 /* LaunchScreen.storyboard in Resources */ = {isa = PBXBuildFile; fileRef = 265941761E55498100A2ED47 /* LaunchScreen.storyboard */; };
/* End PBXBuildFile section */

/* Begin PBXFileReference section */
		265941651E55498100A2ED47 /* NetworkLayer.app */ = {isa = PBXFileReference; explicitFileType = wrapper.application; includeInIndex = 0; path = NetworkLayer.app; sourceTree = BUILT_PRODUCTS_DIR; };
		265941691E55498100A2ED47 /* main.m */ = {isa = PBXFileReference; lastKnownFileType = sourcecode.c.objc; path = main.m; sourceTree = "<group>"; };
		2659416B1E55498100A2ED47 /* AppDelegate.h */ = {isa = PBXFileReference; lastKnownFileType = sourcecode.c.h; path = AppDelegate.h; sourceTree = "<group>"; };
		2659416C1E55498100A2ED47 /* AppDelegate.m */ = {isa = PBXFileReference; lastKnownFileType = sourcecode.c.objc; path = AppDelegate.m; sourceTree = "<group>"; };
		2659416E1E55498100A2ED47 /* ViewController.h */ = {isa = PBXFileReference; lastKnownFileType = sourcecode.c.h; path = ViewController.h; sourceTree = "<group>"; };
		2659416F1E55498100A2ED47 /* ViewController.m */ = {isa = PBXFileReference; lastKnownFileType = sourcecode.c.objc; path = ViewController.m; sourceTree = "<group>"; };
		265941721E55498100A2ED47 /* Base */ = {isa = PBXFileReference; lastKnownFileType = file.storyboard; name = Base; path = Base.lproj/Main.storyboard; sourceTree = "<group>"; };
		265941741E55498100A2ED47 /* Assets.xcassets */ = {isa = PBXFileReference; lastKnownFileType = folder.assetcatalog; path = Assets.xcassets; sourceTree = "<group>"; };
		265941771E55498100A2ED47 /* Base */ = {isa = PBXFileReference; lastKnownFileType = file.storyboard; name = Base; path = Base.lproj/LaunchScreen.storyboard; sourceTree = "<group>"; };
		265941791E55498100A2ED47 /* Info.plist */ = {isa = PBXFileReference; lastKnownFileType = text.plist.xml; path = Info.plist; sourceTree = "<group>"; };
/* End PBXFileReference section */

/* Begin PBXFrameworksBuildPhase section */
		265941621E55498100A2ED47 /* Frameworks */ = {
			isa = PBXFrameworksBuildPhase;
			buildActionMask = 2147483647;
			files = (
			);
			runOnlyForDeploymentPostprocessing = 0;
		};
/* End PBXFrameworksBuildPhase section */

/* Begin PBXGroup section */
		2659415C1E55498100A2ED47 = {
			isa = PBXGroup;
			children = (
				265941671E55498100A2ED47 /* NetworkLayer */,
				265941661E55498100A2ED47 /* Products */,
			);
			sourceTree = "<group>";
		};
		265941661E55498100A2ED47 /* Products */ = {
			isa = PBXGroup;
			children = (
				265941651E55498100A2ED47 /* NetworkLayer.app */,
			);
			name = Products;
			sourceTree = "<group>";
		};
		265941671E55498100A2ED47 /* NetworkLayer */ = {
			isa = PBXGroup;
			children = (
				2659416B1E55498100A2ED47 /* AppDelegate.h */,
				2659416C1E55498100A2ED47 /* AppDelegate.m */,
				2659416E1E55498100A2ED47 /* ViewController.h */,
				2659416F1E55498100A2ED47 /* ViewController.m */,
				265941711E55498100A2ED47 /* Main.storyboard */,
				265941741E55498100A2ED47 /* Assets.xcassets */,
				265941761E55498100A2ED47 /* LaunchScreen.storyboard */,
				265941791E55498100A2ED47 /* Info.plist */,
				265941681E55498100A2ED47 /* Supporting Files */,
			);
			path = NetworkLayer;
			sourceTree = "<group>";
		};
		265941681E55498100A2ED47 /* Supporting Files */ = {
			isa = PBXGroup;
			children = (
				265941691E55498100A2ED47 /* main.m */,
			);
			name = "Supporting Files";
			sourceTree = "<group>";
		};
/* End PBXGroup section */

/* Begin PBXNativeTarget section */
		265941641E55498100A2ED47 /* NetworkLayer */ = {
			isa = PBXNativeTarget;
			buildConfigurationList = 2659417C1E55498100A2ED47 /* Build configuration list for PBXNativeTarget "NetworkLayer" */;
			buildPhases = (
				265941611E55498100A2ED47 /* Sources */,
				265941621E55498100A2ED47 /* Frameworks */,
				265941631E55498100A2ED47 /* Resources */,
			);
			buildRules = (
			);
			dependencies = (
			);
			name = NetworkLayer;
			productName = NetworkLayer;
			productReference = 265941651E55498100A2ED47 /* NetworkLayer.app */;
			productType = "com.apple.product-type.application";
		};
/* End PBXNativeTarget section */

/* Begin PBXProject section */
		2659415D1E55498100A2ED47 /* Project object */ = {
			isa = PBXProject;
			attributes = {
				LastUpgradeCheck = 0820;
				ORGANIZATIONNAME = ytx;
				TargetAttributes = {
					265941641E55498100A2ED47 = {
						CreatedOnToolsVersion = 8.2.1;
						DevelopmentTeam = 2BTQ5YLD99;
						ProvisioningStyle = Automatic;
					};
				};
			};
			buildConfigurationList = 265941601E55498100A2ED47 /* Build configuration list for PBXProject "NetworkLayer" */;
			compatibilityVersion = "Xcode 3.2";
			developmentRegion = English;
			hasScannedForEncodings = 0;
			knownRegions = (
				en,
				Base,
			);
			mainGroup = 2659415C1E55498100A2ED47;
			productRefGroup = 265941661E55498100A2ED47 /* Products */;
			projectDirPath = "";
			projectRoot = "";
			targets = (
				265941641E55498100A2ED47 /* NetworkLayer */,
			);
		};
/* End PBXProject section */

/* Begin PBXResourcesBuildPhase section */
		265941631E55498100A2ED47 /* Resources */ = {
			isa = PBXResourcesBuildPhase;
			buildActionMask = 2147483647;
			files = (
				265941781E55498100A2ED47 /* LaunchScreen.storyboard in Resources */,
				265941751E55498100A2ED47 /* Assets.xcassets in Resources */,
				265941731E55498100A2ED47 /* Main.storyboard in Resources */,
			);
			runOnlyForDeploymentPostprocessing = 0;
		};
/* End PBXResourcesBuildPhase section */

/* Begin PBXSourcesBuildPhase section */
		265941611E55498100A2ED47 /* Sources */ = {
			isa = PBXSourcesBuildPhase;
			buildActionMask = 2147483647;
			files = (
				265941701E55498100A2ED47 /* ViewController.m in Sources */,
				2659416D1E55498100A2ED47 /* AppDelegate.m in Sources */,
				2659416A1E55498100A2ED47 /* main.m in Sources */,
			);
			runOnlyForDeploymentPostprocessing = 0;
		};
/* End PBXSourcesBuildPhase section */

/* Begin PBXVariantGroup section */
		265941711E55498100A2ED47 /* Main.storyboard */ = {
			isa = PBXVariantGroup;
			children = (
				265941721E55498100A2ED47 /* Base */,
			);
			name = Main.storyboard;
			sourceTree = "<group>";
		};
		265941761E55498100A2ED47 /* LaunchScreen.storyboard */ = {
			isa = PBXVariantGroup;
			children = (
				265941771E55498100A2ED47 /* Base */,
			);
			name = LaunchScreen.storyboard;
			sourceTree = "<group>";
		};
/* End PBXVariantGroup section */

/* Begin XCBuildConfiguration section */
		2659417A1E55498100A2ED47 /* Debug */ = {
			isa = XCBuildConfiguration;
			buildSettings = {
				ALWAYS_SEARCH_USER_PATHS = NO;
				CLANG_ANALYZER_NONNULL = YES;
				CLANG_CXX_LANGUAGE_STANDARD = "gnu++0x";
				CLANG_CXX_LIBRARY = "libc++";
				CLANG_ENABLE_MODULES = YES;
				CLANG_ENABLE_OBJC_ARC = YES;
				CLANG_WARN_BOOL_CONVERSION = YES;
				CLANG_WARN_CONSTANT_CONVERSION = YES;
				CLANG_WARN_DIRECT_OBJC_ISA_USAGE = YES_ERROR;
				CLANG_WARN_DOCUMENTATION_COMMENTS = YES;
				CLANG_WARN_EMPTY_BODY = YES;
				CLANG_WARN_ENUM_CONVERSION = YES;
				CLANG_WARN_INFINITE_RECURSION = YES;
				CLANG_WARN_INT_CONVERSION = YES;
				CLANG_WARN_OBJC_ROOT_CLASS = YES_ERROR;
				CLANG_WARN_SUSPICIOUS_MOVE = YES;
				CLANG_WARN_UNREACHABLE_CODE = YES;
				CLANG_WARN__DUPLICATE_METHOD_MATCH = YES;
				"CODE_SIGN_IDENTITY[sdk=iphoneos*]" = "iPhone Developer";
				COPY_PHASE_STRIP = NO;
				DEBUG_INFORMATION_FORMAT = dwarf;
				ENABLE_STRICT_OBJC_MSGSEND = YES;
				ENABLE_TESTABILITY = YES;
				GCC_C_LANGUAGE_STANDARD = gnu99;
				GCC_DYNAMIC_NO_PIC = NO;
				GCC_NO_COMMON_BLOCKS = YES;
				GCC_OPTIMIZATION_LEVEL = 0;
				GCC_PREPROCESSOR_DEFINITIONS = (
					"DEBUG=1",
					"$(inherited)",
				);
				GCC_WARN_64_TO_32_BIT_CONVERSION = YES;
				GCC_WARN_ABOUT_RETURN_TYPE = YES_ERROR;
				GCC_WARN_UNDECLARED_SELECTOR = YES;
				GCC_WARN_UNINITIALIZED_AUTOS = YES_AGGRESSIVE;
				GCC_WARN_UNUSED_FUNCTION = YES;
				GCC_WARN_UNUSED_VARIABLE = YES;
				IPHONEOS_DEPLOYMENT_TARGET = 10.2;
				MTL_ENABLE_DEBUG_INFO = YES;
				ONLY_ACTIVE_ARCH = YES;
				SDKROOT = iphoneos;
				TARGETED_DEVICE_FAMILY = "1,2";
			};
			name = Debug;
		};
		2659417B1E55498100A2ED47 /* Release */ = {
			isa = XCBuildConfiguration;
			buildSettings = {
				ALWAYS_SEARCH_USER_PATHS = NO;
				CLANG_ANALYZER_NONNULL = YES;
				CLANG_CXX_LANGUAGE_STANDARD = "gnu++0x";
				CLANG_CXX_LIBRARY = "libc++";
				CLANG_ENABLE_MODULES = YES;
				CLANG_ENABLE_OBJC_ARC = YES;
				CLANG_WARN_BOOL_CONVERSION = YES;
				CLANG_WARN_CONSTANT_CONVERSION = YES;
				CLANG_WARN_DIRECT_OBJC_ISA_USAGE = YES_ERROR;
				CLANG_WARN_DOCUMENTATION_COMMENTS = YES;
				CLANG_WARN_EMPTY_BODY = YES;
				CLANG_WARN_ENUM_CONVERSION = YES;
				CLANG_WARN_INFINITE_RECURSION = YES;
				CLANG_WARN_INT_CONVERSION = YES;
				CLANG_WARN_OBJC_ROOT_CLASS = YES_ERROR;
				CLANG_WARN_SUSPICIOUS_MOVE = YES;
				CLANG_WARN_UNREACHABLE_CODE = YES;
				CLANG_WARN__DUPLICATE_METHOD_MATCH = YES;
				"CODE_SIGN_IDENTITY[sdk=iphoneos*]" = "iPhone Developer";
				COPY_PHASE_STRIP = NO;
				DEBUG_INFORMATION_FORMAT = "dwarf-with-dsym";
				ENABLE_NS_ASSERTIONS = NO;
				ENABLE_STRICT_OBJC_MSGSEND = YES;
				GCC_C_LANGUAGE_STANDARD = gnu99;
				GCC_NO_COMMON_BLOCKS = YES;
				GCC_WARN_64_TO_32_BIT_CONVERSION = YES;
				GCC_WARN_ABOUT_RETURN_TYPE = YES_ERROR;
				GCC_WARN_UNDECLARED_SELECTOR = YES;
				GCC_WARN_UNINITIALIZED_AUTOS = YES_AGGRESSIVE;
				GCC_WARN_UNUSED_FUNCTION = YES;
				GCC_WARN_UNUSED_VARIABLE = YES;
				IPHONEOS_DEPLOYMENT_TARGET = 10.2;
				MTL_ENABLE_DEBUG_INFO = NO;
				SDKROOT = iphoneos;
				TARGETED_DEVICE_FAMILY = "1,2";
				VALIDATE_PRODUCT = YES;
			};
			name = Release;
		};
		2659417D1E55498100A2ED47 /* Debug */ = {
			isa = XCBuildConfiguration;
			buildSettings = {
				ASSETCATALOG_COMPILER_APPICON_NAME = AppIcon;
				DEVELOPMENT_TEAM = 2BTQ5YLD99;
				INFOPLIST_FILE = NetworkLayer/Info.plist;
				LD_RUNPATH_SEARCH_PATHS = "$(inherited) @executable_path/Frameworks";
				PRODUCT_BUNDLE_IDENTIFIER = com.ytx.network.NetworkLayer;
				PRODUCT_NAME = "$(TARGET_NAME)";
			};
			name = Debug;
		};
		2659417E1E55498100A2ED47 /* Release */ = {
			isa = XCBuildConfiguration;
			buildSettings = {
				ASSETCATALOG_COMPILER_APPICON_NAME = AppIcon;
				DEVELOPMENT_TEAM = 2BTQ5YLD99;
				INFOPLIST_FILE = NetworkLayer/Info.plist;
				LD_RUNPATH_SEARCH_PATHS = "$(inherited) @executable_path/Frameworks";
				PRODUCT_BUNDLE_IDENTIFIER = com.ytx.network.NetworkLayer;
				PRODUCT_NAME = "$(TARGET_NAME)";
			};
			name = Release;
		};
/* End XCBuildConfiguration section */

/* Begin XCConfigurationList section */
		265941601E55498100A2ED47 /* Build configuration list for PBXProject "NetworkLayer" */ = {
			isa = XCConfigurationList;
			buildConfigurations = (
				2659417A1E55498100A2ED47 /* Debug */,
				2659417B1E55498100A2ED47 /* Release */,
			);
			defaultConfigurationIsVisible = 0;
			defaultConfigurationName = Release;
		};
		2659417C1E55498100A2ED47 /* Build configuration list for PBXNativeTarget "NetworkLayer" */ = {
			isa = XCConfigurationList;
			buildConfigurations = (
				2659417D1E55498100A2ED47 /* Debug */,
				2659417E1E55498100A2ED47 /* Release */,
			);
			defaultConfigurationIsVisible = 0;
		};
/* End XCConfigurationList section */
	};
	rootObject = 2659415D1E55498100A2ED47 /* Project object */;
}
