// !$*UTF8*$!
{
	archiveVersion = 1;
	classes = {
	};
	objectVersion = 46;
	objects = {

/* Begin PBXBuildFile section */
		002BDAF81DB9BB3F00D6471D /* main.m in Sources */ = {isa = PBXBuildFile; fileRef = 002BDAF71DB9BB3F00D6471D /* main.m */; };
		002BDAFB1DB9BB3F00D6471D /* AppDelegate.m in Sources */ = {isa = PBXBuildFile; fileRef = 002BDAFA1DB9BB3F00D6471D /* AppDelegate.m */; };
		002BDAFE1DB9BB3F00D6471D /* ViewController.m in Sources */ = {isa = PBXBuildFile; fileRef = 002BDAFD1DB9BB3F00D6471D /* ViewController.m */; };
		002BDB011DB9BB3F00D6471D /* Main.storyboard in Resources */ = {isa = PBXBuildFile; fileRef = 002BDAFF1DB9BB3F00D6471D /* Main.storyboard */; };
		002BDB031DB9BB3F00D6471D /* Assets.xcassets in Resources */ = {isa = PBXBuildFile; fileRef = 002BDB021DB9BB3F00D6471D /* Assets.xcassets */; };
		002BDB061DB9BB3F00D6471D /* LaunchScreen.storyboard in Resources */ = {isa = PBXBuildFile; fileRef = 002BDB041DB9BB3F00D6471D /* LaunchScreen.storyboard */; };
/* End PBXBuildFile section */

/* Begin PBXFileReference section */
		002BDAF31DB9BB3F00D6471D /* OpenCVCoreModule.app */ = {isa = PBXFileReference; explicitFileType = wrapper.application; includeInIndex = 0; path = OpenCVCoreModule.app; sourceTree = BUILT_PRODUCTS_DIR; };
		002BDAF71DB9BB3F00D6471D /* main.m */ = {isa = PBXFileReference; lastKnownFileType = sourcecode.c.objc; path = main.m; sourceTree = "<group>"; };
		002BDAF91DB9BB3F00D6471D /* AppDelegate.h */ = {isa = PBXFileReference; lastKnownFileType = sourcecode.c.h; path = AppDelegate.h; sourceTree = "<group>"; };
		002BDAFA1DB9BB3F00D6471D /* AppDelegate.m */ = {isa = PBXFileReference; lastKnownFileType = sourcecode.c.objc; path = AppDelegate.m; sourceTree = "<group>"; };
		002BDAFC1DB9BB3F00D6471D /* ViewController.h */ = {isa = PBXFileReference; lastKnownFileType = sourcecode.c.h; path = ViewController.h; sourceTree = "<group>"; };
		002BDAFD1DB9BB3F00D6471D /* ViewController.m */ = {isa = PBXFileReference; lastKnownFileType = sourcecode.c.objc; path = ViewController.m; sourceTree = "<group>"; };
		002BDB001DB9BB3F00D6471D /* Base */ = {isa = PBXFileReference; lastKnownFileType = file.storyboard; name = Base; path = Base.lproj/Main.storyboard; sourceTree = "<group>"; };
		002BDB021DB9BB3F00D6471D /* Assets.xcassets */ = {isa = PBXFileReference; lastKnownFileType = folder.assetcatalog; path = Assets.xcassets; sourceTree = "<group>"; };
		002BDB051DB9BB3F00D6471D /* Base */ = {isa = PBXFileReference; lastKnownFileType = file.storyboard; name = Base; path = Base.lproj/LaunchScreen.storyboard; sourceTree = "<group>"; };
		002BDB071DB9BB3F00D6471D /* Info.plist */ = {isa = PBXFileReference; lastKnownFileType = text.plist.xml; path = Info.plist; sourceTree = "<group>"; };
/* End PBXFileReference section */

/* Begin PBXFrameworksBuildPhase section */
		002BDAF01DB9BB3F00D6471D /* Frameworks */ = {
			isa = PBXFrameworksBuildPhase;
			buildActionMask = 2147483647;
			files = (
			);
			runOnlyForDeploymentPostprocessing = 0;
		};
/* End PBXFrameworksBuildPhase section */

/* Begin PBXGroup section */
		002BDAEA1DB9BB3F00D6471D = {
			isa = PBXGroup;
			children = (
				002BDAF51DB9BB3F00D6471D /* OpenCVCoreModule */,
				002BDAF41DB9BB3F00D6471D /* Products */,
			);
			sourceTree = "<group>";
		};
		002BDAF41DB9BB3F00D6471D /* Products */ = {
			isa = PBXGroup;
			children = (
				002BDAF31DB9BB3F00D6471D /* OpenCVCoreModule.app */,
			);
			name = Products;
			sourceTree = "<group>";
		};
		002BDAF51DB9BB3F00D6471D /* OpenCVCoreModule */ = {
			isa = PBXGroup;
			children = (
				002BDAF91DB9BB3F00D6471D /* AppDelegate.h */,
				002BDAFA1DB9BB3F00D6471D /* AppDelegate.m */,
				002BDAFC1DB9BB3F00D6471D /* ViewController.h */,
				002BDAFD1DB9BB3F00D6471D /* ViewController.m */,
				002BDAFF1DB9BB3F00D6471D /* Main.storyboard */,
				002BDB021DB9BB3F00D6471D /* Assets.xcassets */,
				002BDB041DB9BB3F00D6471D /* LaunchScreen.storyboard */,
				002BDB071DB9BB3F00D6471D /* Info.plist */,
				002BDAF61DB9BB3F00D6471D /* Supporting Files */,
			);
			path = OpenCVCoreModule;
			sourceTree = "<group>";
		};
		002BDAF61DB9BB3F00D6471D /* Supporting Files */ = {
			isa = PBXGroup;
			children = (
				002BDAF71DB9BB3F00D6471D /* main.m */,
			);
			name = "Supporting Files";
			sourceTree = "<group>";
		};
/* End PBXGroup section */

/* Begin PBXNativeTarget section */
		002BDAF21DB9BB3F00D6471D /* OpenCVCoreModule */ = {
			isa = PBXNativeTarget;
			buildConfigurationList = 002BDB0A1DB9BB3F00D6471D /* Build configuration list for PBXNativeTarget "OpenCVCoreModule" */;
			buildPhases = (
				002BDAEF1DB9BB3F00D6471D /* Sources */,
				002BDAF01DB9BB3F00D6471D /* Frameworks */,
				002BDAF11DB9BB3F00D6471D /* Resources */,
			);
			buildRules = (
			);
			dependencies = (
			);
			name = OpenCVCoreModule;
			productName = OpenCVCoreModule;
			productReference = 002BDAF31DB9BB3F00D6471D /* OpenCVCoreModule.app */;
			productType = "com.apple.product-type.application";
		};
/* End PBXNativeTarget section */

/* Begin PBXProject section */
		002BDAEB1DB9BB3F00D6471D /* Project object */ = {
			isa = PBXProject;
			attributes = {
				LastUpgradeCheck = 0720;
				ORGANIZATIONNAME = yunlian;
				TargetAttributes = {
					002BDAF21DB9BB3F00D6471D = {
						CreatedOnToolsVersion = 7.2;
						DevelopmentTeam = MDDP8F9964;
					};
				};
			};
			buildConfigurationList = 002BDAEE1DB9BB3F00D6471D /* Build configuration list for PBXProject "OpenCVCoreModule" */;
			compatibilityVersion = "Xcode 3.2";
			developmentRegion = English;
			hasScannedForEncodings = 0;
			knownRegions = (
				en,
				Base,
			);
			mainGroup = 002BDAEA1DB9BB3F00D6471D;
			productRefGroup = 002BDAF41DB9BB3F00D6471D /* Products */;
			projectDirPath = "";
			projectRoot = "";
			targets = (
				002BDAF21DB9BB3F00D6471D /* OpenCVCoreModule */,
			);
		};
/* End PBXProject section */

/* Begin PBXResourcesBuildPhase section */
		002BDAF11DB9BB3F00D6471D /* Resources */ = {
			isa = PBXResourcesBuildPhase;
			buildActionMask = 2147483647;
			files = (
				002BDB061DB9BB3F00D6471D /* LaunchScreen.storyboard in Resources */,
				002BDB031DB9BB3F00D6471D /* Assets.xcassets in Resources */,
				002BDB011DB9BB3F00D6471D /* Main.storyboard in Resources */,
			);
			runOnlyForDeploymentPostprocessing = 0;
		};
/* End PBXResourcesBuildPhase section */

/* Begin PBXSourcesBuildPhase section */
		002BDAEF1DB9BB3F00D6471D /* Sources */ = {
			isa = PBXSourcesBuildPhase;
			buildActionMask = 2147483647;
			files = (
				002BDAFE1DB9BB3F00D6471D /* ViewController.m in Sources */,
				002BDAFB1DB9BB3F00D6471D /* AppDelegate.m in Sources */,
				002BDAF81DB9BB3F00D6471D /* main.m in Sources */,
			);
			runOnlyForDeploymentPostprocessing = 0;
		};
/* End PBXSourcesBuildPhase section */

/* Begin PBXVariantGroup section */
		002BDAFF1DB9BB3F00D6471D /* Main.storyboard */ = {
			isa = PBXVariantGroup;
			children = (
				002BDB001DB9BB3F00D6471D /* Base */,
			);
			name = Main.storyboard;
			sourceTree = "<group>";
		};
		002BDB041DB9BB3F00D6471D /* LaunchScreen.storyboard */ = {
			isa = PBXVariantGroup;
			children = (
				002BDB051DB9BB3F00D6471D /* Base */,
			);
			name = LaunchScreen.storyboard;
			sourceTree = "<group>";
		};
/* End PBXVariantGroup section */

/* Begin XCBuildConfiguration section */
		002BDB081DB9BB3F00D6471D /* Debug */ = {
			isa = XCBuildConfiguration;
			buildSettings = {
				ALWAYS_SEARCH_USER_PATHS = NO;
				CLANG_CXX_LANGUAGE_STANDARD = "gnu++0x";
				CLANG_CXX_LIBRARY = "libc++";
				CLANG_ENABLE_MODULES = YES;
				CLANG_ENABLE_OBJC_ARC = YES;
				CLANG_WARN_BOOL_CONVERSION = YES;
				CLANG_WARN_CONSTANT_CONVERSION = YES;
				CLANG_WARN_DIRECT_OBJC_ISA_USAGE = YES_ERROR;
				CLANG_WARN_EMPTY_BODY = YES;
				CLANG_WARN_ENUM_CONVERSION = YES;
				CLANG_WARN_INT_CONVERSION = YES;
				CLANG_WARN_OBJC_ROOT_CLASS = YES_ERROR;
				CLANG_WARN_UNREACHABLE_CODE = YES;
				CLANG_WARN__DUPLICATE_METHOD_MATCH = YES;
				"CODE_SIGN_IDENTITY[sdk=iphoneos*]" = "iPhone Developer";
				COPY_PHASE_STRIP = NO;
				DEBUG_INFORMATION_FORMAT = dwarf;
				ENABLE_STRICT_OBJC_MSGSEND = YES;
				ENABLE_TESTABILITY = YES;
				GCC_C_LANGUAGE_STANDARD = gnu99;
				GCC_DYNAMIC_NO_PIC = NO;
				GCC_NO_COMMON_BLOCKS = YES;
				GCC_OPTIMIZATION_LEVEL = 0;
				GCC_PREPROCESSOR_DEFINITIONS = (
					"DEBUG=1",
					"$(inherited)",
				);
				GCC_WARN_64_TO_32_BIT_CONVERSION = YES;
				GCC_WARN_ABOUT_RETURN_TYPE = YES_ERROR;
				GCC_WARN_UNDECLARED_SELECTOR = YES;
				GCC_WARN_UNINITIALIZED_AUTOS = YES_AGGRESSIVE;
				GCC_WARN_UNUSED_FUNCTION = YES;
				GCC_WARN_UNUSED_VARIABLE = YES;
				IPHONEOS_DEPLOYMENT_TARGET = 9.2;
				MTL_ENABLE_DEBUG_INFO = YES;
				ONLY_ACTIVE_ARCH = YES;
				SDKROOT = iphoneos;
				TARGETED_DEVICE_FAMILY = "1,2";
			};
			name = Debug;
		};
		002BDB091DB9BB3F00D6471D /* Release */ = {
			isa = XCBuildConfiguration;
			buildSettings = {
				ALWAYS_SEARCH_USER_PATHS = NO;
				CLANG_CXX_LANGUAGE_STANDARD = "gnu++0x";
				CLANG_CXX_LIBRARY = "libc++";
				CLANG_ENABLE_MODULES = YES;
				CLANG_ENABLE_OBJC_ARC = YES;
				CLANG_WARN_BOOL_CONVERSION = YES;
				CLANG_WARN_CONSTANT_CONVERSION = YES;
				CLANG_WARN_DIRECT_OBJC_ISA_USAGE = YES_ERROR;
				CLANG_WARN_EMPTY_BODY = YES;
				CLANG_WARN_ENUM_CONVERSION = YES;
				CLANG_WARN_INT_CONVERSION = YES;
				CLANG_WARN_OBJC_ROOT_CLASS = YES_ERROR;
				CLANG_WARN_UNREACHABLE_CODE = YES;
				CLANG_WARN__DUPLICATE_METHOD_MATCH = YES;
				"CODE_SIGN_IDENTITY[sdk=iphoneos*]" = "iPhone Developer";
				COPY_PHASE_STRIP = NO;
				DEBUG_INFORMATION_FORMAT = "dwarf-with-dsym";
				ENABLE_NS_ASSERTIONS = NO;
				ENABLE_STRICT_OBJC_MSGSEND = YES;
				GCC_C_LANGUAGE_STANDARD = gnu99;
				GCC_NO_COMMON_BLOCKS = YES;
				GCC_WARN_64_TO_32_BIT_CONVERSION = YES;
				GCC_WARN_ABOUT_RETURN_TYPE = YES_ERROR;
				GCC_WARN_UNDECLARED_SELECTOR = YES;
				GCC_WARN_UNINITIALIZED_AUTOS = YES_AGGRESSIVE;
				GCC_WARN_UNUSED_FUNCTION = YES;
				GCC_WARN_UNUSED_VARIABLE = YES;
				IPHONEOS_DEPLOYMENT_TARGET = 9.2;
				MTL_ENABLE_DEBUG_INFO = NO;
				SDKROOT = iphoneos;
				TARGETED_DEVICE_FAMILY = "1,2";
				VALIDATE_PRODUCT = YES;
			};
			name = Release;
		};
		002BDB0B1DB9BB3F00D6471D /* Debug */ = {
			isa = XCBuildConfiguration;
			buildSettings = {
				ASSETCATALOG_COMPILER_APPICON_NAME = AppIcon;
				INFOPLIST_FILE = OpenCVCoreModule/Info.plist;
				LD_RUNPATH_SEARCH_PATHS = "$(inherited) @executable_path/Frameworks";
				PRODUCT_BUNDLE_IDENTIFIER = com.yunlian.OpenCVCoreModule;
				PRODUCT_NAME = "$(TARGET_NAME)";
			};
			name = Debug;
		};
		002BDB0C1DB9BB3F00D6471D /* Release */ = {
			isa = XCBuildConfiguration;
			buildSettings = {
				ASSETCATALOG_COMPILER_APPICON_NAME = AppIcon;
				INFOPLIST_FILE = OpenCVCoreModule/Info.plist;
				LD_RUNPATH_SEARCH_PATHS = "$(inherited) @executable_path/Frameworks";
				PRODUCT_BUNDLE_IDENTIFIER = com.yunlian.OpenCVCoreModule;
				PRODUCT_NAME = "$(TARGET_NAME)";
			};
			name = Release;
		};
/* End XCBuildConfiguration section */

/* Begin XCConfigurationList section */
		002BDAEE1DB9BB3F00D6471D /* Build configuration list for PBXProject "OpenCVCoreModule" */ = {
			isa = XCConfigurationList;
			buildConfigurations = (
				002BDB081DB9BB3F00D6471D /* Debug */,
				002BDB091DB9BB3F00D6471D /* Release */,
			);
			defaultConfigurationIsVisible = 0;
			defaultConfigurationName = Release;
		};
		002BDB0A1DB9BB3F00D6471D /* Build configuration list for PBXNativeTarget "OpenCVCoreModule" */ = {
			isa = XCConfigurationList;
			buildConfigurations = (
				002BDB0B1DB9BB3F00D6471D /* Debug */,
				002BDB0C1DB9BB3F00D6471D /* Release */,
			);
			defaultConfigurationIsVisible = 0;
		};
/* End XCConfigurationList section */
	};
	rootObject = 002BDAEB1DB9BB3F00D6471D /* Project object */;
}
